// !$*UTF8*$!
{
	archiveVersion = 1;
	classes = {
	};
	objectVersion = 48;
	objects = {

/* Begin PBXBuildFile section */
		F64BEBFA204AFAAD00107C66 /* AppDelegate.swift in Sources */ = {isa = PBXBuildFile; fileRef = F64BEBF9204AFAAD00107C66 /* AppDelegate.swift */; };
		F64BEBFC204AFAAD00107C66 /* ViewController.swift in Sources */ = {isa = PBXBuildFile; fileRef = F64BEBFB204AFAAD00107C66 /* ViewController.swift */; };
		F64BEBFF204AFAAD00107C66 /* Main.storyboard in Resources */ = {isa = PBXBuildFile; fileRef = F64BEBFD204AFAAD00107C66 /* Main.storyboard */; };
		F64BEC01204AFAAD00107C66 /* Assets.xcassets in Resources */ = {isa = PBXBuildFile; fileRef = F64BEC00204AFAAD00107C66 /* Assets.xcassets */; };
		F64BEC04204AFAAD00107C66 /* LaunchScreen.storyboard in Resources */ = {isa = PBXBuildFile; fileRef = F64BEC02204AFAAD00107C66 /* LaunchScreen.storyboard */; };
		F64BEC0C204B0EB300107C66 /* MyApplication.swift in Sources */ = {isa = PBXBuildFile; fileRef = F64BEC0B204B0EB300107C66 /* MyApplication.swift */; };
		F64BEC0E204B0F3900107C66 /* main.swift in Sources */ = {isa = PBXBuildFile; fileRef = F64BEC0D204B0F3900107C66 /* main.swift */; };
/* End PBXBuildFile section */

/* Begin PBXFileReference section */
		F64BEBF6204AFAAD00107C66 /* Weather.app */ = {isa = PBXFileReference; explicitFileType = wrapper.application; includeInIndex = 0; path = Weather.app; sourceTree = BUILT_PRODUCTS_DIR; };
		F64BEBF9204AFAAD00107C66 /* AppDelegate.swift */ = {isa = PBXFileReference; lastKnownFileType = sourcecode.swift; path = AppDelegate.swift; sourceTree = "<group>"; };
		F64BEBFB204AFAAD00107C66 /* ViewController.swift */ = {isa = PBXFileReference; lastKnownFileType = sourcecode.swift; path = ViewController.swift; sourceTree = "<group>"; };
		F64BEBFE204AFAAD00107C66 /* Base */ = {isa = PBXFileReference; lastKnownFileType = file.storyboard; name = Base; path = Base.lproj/Main.storyboard; sourceTree = "<group>"; };
		F64BEC00204AFAAD00107C66 /* Assets.xcassets */ = {isa = PBXFileReference; lastKnownFileType = folder.assetcatalog; path = Assets.xcassets; sourceTree = "<group>"; };
		F64BEC03204AFAAD00107C66 /* Base */ = {isa = PBXFileReference; lastKnownFileType = file.storyboard; name = Base; path = Base.lproj/LaunchScreen.storyboard; sourceTree = "<group>"; };
		F64BEC05204AFAAD00107C66 /* Info.plist */ = {isa = PBXFileReference; lastKnownFileType = text.plist.xml; path = Info.plist; sourceTree = "<group>"; };
		F64BEC0B204B0EB300107C66 /* MyApplication.swift */ = {isa = PBXFileReference; lastKnownFileType = sourcecode.swift; path = MyApplication.swift; sourceTree = "<group>"; };
		F64BEC0D204B0F3900107C66 /* main.swift */ = {isa = PBXFileReference; lastKnownFileType = sourcecode.swift; path = main.swift; sourceTree = "<group>"; };
/* End PBXFileReference section */

/* Begin PBXFrameworksBuildPhase section */
		F64BEBF3204AFAAD00107C66 /* Frameworks */ = {
			isa = PBXFrameworksBuildPhase;
			buildActionMask = 2147483647;
			files = (
			);
			runOnlyForDeploymentPostprocessing = 0;
		};
/* End PBXFrameworksBuildPhase section */

/* Begin PBXGroup section */
		F64BEBED204AFAAD00107C66 = {
			isa = PBXGroup;
			children = (
				F64BEBF8204AFAAD00107C66 /* Weather */,
				F64BEBF7204AFAAD00107C66 /* Products */,
			);
			sourceTree = "<group>";
		};
		F64BEBF7204AFAAD00107C66 /* Products */ = {
			isa = PBXGroup;
			children = (
				F64BEBF6204AFAAD00107C66 /* Weather.app */,
			);
			name = Products;
			sourceTree = "<group>";
		};
		F64BEBF8204AFAAD00107C66 /* Weather */ = {
			isa = PBXGroup;
			children = (
				F64BEBF9204AFAAD00107C66 /* AppDelegate.swift */,
				F64BEC0B204B0EB300107C66 /* MyApplication.swift */,
				F64BEC0D204B0F3900107C66 /* main.swift */,
				F64BEBFB204AFAAD00107C66 /* ViewController.swift */,
				F64BEBFD204AFAAD00107C66 /* Main.storyboard */,
				F64BEC00204AFAAD00107C66 /* Assets.xcassets */,
				F64BEC02204AFAAD00107C66 /* LaunchScreen.storyboard */,
				F64BEC05204AFAAD00107C66 /* Info.plist */,
			);
			path = Weather;
			sourceTree = "<group>";
		};
/* End PBXGroup section */

/* Begin PBXNativeTarget section */
		F64BEBF5204AFAAD00107C66 /* Weather */ = {
			isa = PBXNativeTarget;
			buildConfigurationList = F64BEC08204AFAAD00107C66 /* Build configuration list for PBXNativeTarget "Weather" */;
			buildPhases = (
				F64BEBF2204AFAAD00107C66 /* Sources */,
				F64BEBF3204AFAAD00107C66 /* Frameworks */,
				F64BEBF4204AFAAD00107C66 /* Resources */,
			);
			buildRules = (
			);
			dependencies = (
			);
			name = Weather;
			productName = Weather;
			productReference = F64BEBF6204AFAAD00107C66 /* Weather.app */;
			productType = "com.apple.product-type.application";
		};
/* End PBXNativeTarget section */

/* Begin PBXProject section */
		F64BEBEE204AFAAD00107C66 /* Project object */ = {
			isa = PBXProject;
			attributes = {
				LastSwiftUpdateCheck = 0920;
				LastUpgradeCheck = 0920;
				ORGANIZATIONNAME = "Benjamin Morales";
				TargetAttributes = {
					F64BEBF5204AFAAD00107C66 = {
						CreatedOnToolsVersion = 9.2;
						ProvisioningStyle = Automatic;
					};
				};
			};
			buildConfigurationList = F64BEBF1204AFAAD00107C66 /* Build configuration list for PBXProject "Weather" */;
			compatibilityVersion = "Xcode 8.0";
			developmentRegion = en;
			hasScannedForEncodings = 0;
			knownRegions = (
				en,
				Base,
			);
			mainGroup = F64BEBED204AFAAD00107C66;
			productRefGroup = F64BEBF7204AFAAD00107C66 /* Products */;
			projectDirPath = "";
			projectRoot = "";
			targets = (
				F64BEBF5204AFAAD00107C66 /* Weather */,
			);
		};
/* End PBXProject section */

/* Begin PBXResourcesBuildPhase section */
		F64BEBF4204AFAAD00107C66 /* Resources */ = {
			isa = PBXResourcesBuildPhase;
			buildActionMask = 2147483647;
			files = (
				F64BEC04204AFAAD00107C66 /* LaunchScreen.storyboard in Resources */,
				F64BEC01204AFAAD00107C66 /* Assets.xcassets in Resources */,
				F64BEBFF204AFAAD00107C66 /* Main.storyboard in Resources */,
			);
			runOnlyForDeploymentPostprocessing = 0;
		};
/* End PBXResourcesBuildPhase section */

/* Begin PBXSourcesBuildPhase section */
		F64BEBF2204AFAAD00107C66 /* Sources */ = {
			isa = PBXSourcesBuildPhase;
			buildActionMask = 2147483647;
			files = (
				F64BEBFC204AFAAD00107C66 /* ViewController.swift in Sources */,
				F64BEC0C204B0EB300107C66 /* MyApplication.swift in Sources */,
				F64BEC0E204B0F3900107C66 /* main.swift in Sources */,
				F64BEBFA204AFAAD00107C66 /* AppDelegate.swift in Sources */,
			);
			runOnlyForDeploymentPostprocessing = 0;
		};
/* End PBXSourcesBuildPhase section */

/* Begin PBXVariantGroup section */
		F64BEBFD204AFAAD00107C66 /* Main.storyboard */ = {
			isa = PBXVariantGroup;
			children = (
				F64BEBFE204AFAAD00107C66 /* Base */,
			);
			name = Main.storyboard;
			sourceTree = "<group>";
		};
		F64BEC02204AFAAD00107C66 /* LaunchScreen.storyboard */ = {
			isa = PBXVariantGroup;
			children = (
				F64BEC03204AFAAD00107C66 /* Base */,
			);
			name = LaunchScreen.storyboard;
			sourceTree = "<group>";
		};
/* End PBXVariantGroup section */

/* Begin XCBuildConfiguration section */
		F64BEC06204AFAAD00107C66 /* Debug */ = {
			isa = XCBuildConfiguration;
			buildSettings = {
				ALWAYS_SEARCH_USER_PATHS = NO;
				CLANG_ANALYZER_NONNULL = YES;
				CLANG_ANALYZER_NUMBER_OBJECT_CONVERSION = YES_AGGRESSIVE;
				CLANG_CXX_LANGUAGE_STANDARD = "gnu++14";
				CLANG_CXX_LIBRARY = "libc++";
				CLANG_ENABLE_MODULES = YES;
				CLANG_ENABLE_OBJC_ARC = YES;
				CLANG_WARN_BLOCK_CAPTURE_AUTORELEASING = YES;
				CLANG_WARN_BOOL_CONVERSION = YES;
				CLANG_WARN_COMMA = YES;
				CLANG_WARN_CONSTANT_CONVERSION = YES;
				CLANG_WARN_DIRECT_OBJC_ISA_USAGE = YES_ERROR;
				CLANG_WARN_DOCUMENTATION_COMMENTS = YES;
				CLANG_WARN_EMPTY_BODY = YES;
				CLANG_WARN_ENUM_CONVERSION = YES;
				CLANG_WARN_INFINITE_RECURSION = YES;
				CLANG_WARN_INT_CONVERSION = YES;
				CLANG_WARN_NON_LITERAL_NULL_CONVERSION = YES;
				CLANG_WARN_OBJC_LITERAL_CONVERSION = YES;
				CLANG_WARN_OBJC_ROOT_CLASS = YES_ERROR;
				CLANG_WARN_RANGE_LOOP_ANALYSIS = YES;
				CLANG_WARN_STRICT_PROTOTYPES = YES;
				CLANG_WARN_SUSPICIOUS_MOVE = YES;
				CLANG_WARN_UNGUARDED_AVAILABILITY = YES_AGGRESSIVE;
				CLANG_WARN_UNREACHABLE_CODE = YES;
				CLANG_WARN__DUPLICATE_METHOD_MATCH = YES;
				CODE_SIGN_IDENTITY = "iPhone Developer";
				COPY_PHASE_STRIP = NO;
				DEBUG_INFORMATION_FORMAT = dwarf;
				ENABLE_STRICT_OBJC_MSGSEND = YES;
				ENABLE_TESTABILITY = YES;
				GCC_C_LANGUAGE_STANDARD = gnu11;
				GCC_DYNAMIC_NO_PIC = NO;
				GCC_NO_COMMON_BLOCKS = YES;
				GCC_OPTIMIZATION_LEVEL = 0;
				GCC_PREPROCESSOR_DEFINITIONS = (
					"DEBUG=1",
					"$(inherited)",
				);
				GCC_WARN_64_TO_32_BIT_CONVERSION = YES;
				GCC_WARN_ABOUT_RETURN_TYPE = YES_ERROR;
				GCC_WARN_UNDECLARED_SELECTOR = YES;
				GCC_WARN_UNINITIALIZED_AUTOS = YES_AGGRESSIVE;
				GCC_WARN_UNUSED_FUNCTION = YES;
				GCC_WARN_UNUSED_VARIABLE = YES;
				IPHONEOS_DEPLOYMENT_TARGET = 11.2;
				MTL_ENABLE_DEBUG_INFO = YES;
				ONLY_ACTIVE_ARCH = YES;
				SDKROOT = iphoneos;
				SWIFT_ACTIVE_COMPILATION_CONDITIONS = DEBUG;
				SWIFT_OPTIMIZATION_LEVEL = "-Onone";
			};
			name = Debug;
		};
		F64BEC07204AFAAD00107C66 /* Release */ = {
			isa = XCBuildConfiguration;
			buildSettings = {
				ALWAYS_SEARCH_USER_PATHS = NO;
				CLANG_ANALYZER_NONNULL = YES;
				CLANG_ANALYZER_NUMBER_OBJECT_CONVERSION = YES_AGGRESSIVE;
				CLANG_CXX_LANGUAGE_STANDARD = "gnu++14";
				CLANG_CXX_LIBRARY = "libc++";
				CLANG_ENABLE_MODULES = YES;
				CLANG_ENABLE_OBJC_ARC = YES;
				CLANG_WARN_BLOCK_CAPTURE_AUTORELEASING = YES;
				CLANG_WARN_BOOL_CONVERSION = YES;
				CLANG_WARN_COMMA = YES;
				CLANG_WARN_CONSTANT_CONVERSION = YES;
				CLANG_WARN_DIRECT_OBJC_ISA_USAGE = YES_ERROR;
				CLANG_WARN_DOCUMENTATION_COMMENTS = YES;
				CLANG_WARN_EMPTY_BODY = YES;
				CLANG_WARN_ENUM_CONVERSION = YES;
				CLANG_WARN_INFINITE_RECURSION = YES;
				CLANG_WARN_INT_CONVERSION = YES;
				CLANG_WARN_NON_LITERAL_NULL_CONVERSION = YES;
				CLANG_WARN_OBJC_LITERAL_CONVERSION = YES;
				CLANG_WARN_OBJC_ROOT_CLASS = YES_ERROR;
				CLANG_WARN_RANGE_LOOP_ANALYSIS = YES;
				CLANG_WARN_STRICT_PROTOTYPES = YES;
				CLANG_WARN_SUSPICIOUS_MOVE = YES;
				CLANG_WARN_UNGUARDED_AVAILABILITY = YES_AGGRESSIVE;
				CLANG_WARN_UNREACHABLE_CODE = YES;
				CLANG_WARN__DUPLICATE_METHOD_MATCH = YES;
				CODE_SIGN_IDENTITY = "iPhone Developer";
				COPY_PHASE_STRIP = NO;
				DEBUG_INFORMATION_FORMAT = "dwarf-with-dsym";
				ENABLE_NS_ASSERTIONS = NO;
				ENABLE_STRICT_OBJC_MSGSEND = YES;
				GCC_C_LANGUAGE_STANDARD = gnu11;
				GCC_NO_COMMON_BLOCKS = YES;
				GCC_WARN_64_TO_32_BIT_CONVERSION = YES;
				GCC_WARN_ABOUT_RETURN_TYPE = YES_ERROR;
				GCC_WARN_UNDECLARED_SELECTOR = YES;
				GCC_WARN_UNINITIALIZED_AUTOS = YES_AGGRESSIVE;
				GCC_WARN_UNUSED_FUNCTION = YES;
				GCC_WARN_UNUSED_VARIABLE = YES;
				IPHONEOS_DEPLOYMENT_TARGET = 11.2;
				MTL_ENABLE_DEBUG_INFO = NO;
				SDKROOT = iphoneos;
				SWIFT_OPTIMIZATION_LEVEL = "-Owholemodule";
				VALIDATE_PRODUCT = YES;
			};
			name = Release;
		};
		F64BEC09204AFAAD00107C66 /* Debug */ = {
			isa = XCBuildConfiguration;
			buildSettings = {
				ASSETCATALOG_COMPILER_APPICON_NAME = AppIcon;
				CODE_SIGN_STYLE = Automatic;
				DEVELOPMENT_TEAM = F933R7P2MU;
				INFOPLIST_FILE = Weather/Info.plist;
				LD_RUNPATH_SEARCH_PATHS = "$(inherited) @executable_path/Frameworks";
				PRODUCT_BUNDLE_IDENTIFIER = com.bmnmrls.Weather;
				PRODUCT_NAME = "$(TARGET_NAME)";
				SWIFT_VERSION = 4.0;
				TARGETED_DEVICE_FAMILY = "1,2";
			};
			name = Debug;
		};
		F64BEC0A204AFAAD00107C66 /* Release */ = {
			isa = XCBuildConfiguration;
			buildSettings = {
				ASSETCATALOG_COMPILER_APPICON_NAME = AppIcon;
				CODE_SIGN_STYLE = Automatic;
				DEVELOPMENT_TEAM = F933R7P2MU;
				INFOPLIST_FILE = Weather/Info.plist;
				LD_RUNPATH_SEARCH_PATHS = "$(inherited) @executable_path/Frameworks";
				PRODUCT_BUNDLE_IDENTIFIER = com.bmnmrls.Weather;
				PRODUCT_NAME = "$(TARGET_NAME)";
				SWIFT_VERSION = 4.0;
				TARGETED_DEVICE_FAMILY = "1,2";
			};
			name = Release;
		};
/* End XCBuildConfiguration section */

/* Begin XCConfigurationList section */
		F64BEBF1204AFAAD00107C66 /* Build configuration list for PBXProject "Weather" */ = {
			isa = XCConfigurationList;
			buildConfigurations = (
				F64BEC06204AFAAD00107C66 /* Debug */,
				F64BEC07204AFAAD00107C66 /* Release */,
			);
			defaultConfigurationIsVisible = 0;
			defaultConfigurationName = Release;
		};
		F64BEC08204AFAAD00107C66 /* Build configuration list for PBXNativeTarget "Weather" */ = {
			isa = XCConfigurationList;
			buildConfigurations = (
				F64BEC09204AFAAD00107C66 /* Debug */,
				F64BEC0A204AFAAD00107C66 /* Release */,
			);
			defaultConfigurationIsVisible = 0;
			defaultConfigurationName = Release;
		};
/* End XCConfigurationList section */
	};
	rootObject = F64BEBEE204AFAAD00107C66 /* Project object */;
}
